
Microsoft Visual Studio Solution File, Format Version 12.00
# Visual Studio Version 16
VisualStudioVersion = 16.0.31321.278
MinimumVisualStudioVersion = 10.0.40219.1
Project("{9A19103F-16F7-4668-BE54-9A1E7A4F7556}") = "Case_Study", "Case_Study.csproj", "{28CF940F-E6F1-4D93-9EB3-1592D58278E2}"
EndProject
Project("{FAE04EC0-301F-11D3-BF4B-00C04F79EFBC}") = "Case_Study.Test", "..\Case_Study.Test\Case_Study.Test.csproj", "{9047E661-D906-4DFB-9BDB-AE35AA2DDC90}"
EndProject
Global
	GlobalSection(SolutionConfigurationPlatforms) = preSolution
		Debug|Any CPU = Debug|Any CPU
		Release|Any CPU = Release|Any CPU
	EndGlobalSection
	GlobalSection(ProjectConfigurationPlatforms) = postSolution
		{28CF940F-E6F1-4D93-9EB3-1592D58278E2}.Debug|Any CPU.ActiveCfg = Debug|Any CPU
		{28CF940F-E6F1-4D93-9EB3-1592D58278E2}.Debug|Any CPU.Build.0 = Debug|Any CPU
		{28CF940F-E6F1-4D93-9EB3-1592D58278E2}.Release|Any CPU.ActiveCfg = Release|Any CPU
		{28CF940F-E6F1-4D93-9EB3-1592D58278E2}.Release|Any CPU.Build.0 = Release|Any CPU
		{9047E661-D906-4DFB-9BDB-AE35AA2DDC90}.Debug|Any CPU.ActiveCfg = Debug|Any CPU
		{9047E661-D906-4DFB-9BDB-AE35AA2DDC90}.Debug|Any CPU.Build.0 = Debug|Any CPU
		{9047E661-D906-4DFB-9BDB-AE35AA2DDC90}.Release|Any CPU.ActiveCfg = Release|Any CPU
		{9047E661-D906-4DFB-9BDB-AE35AA2DDC90}.Release|Any CPU.Build.0 = Release|Any CPU
	EndGlobalSection
	GlobalSection(SolutionProperties) = preSolution
		HideSolutionNode = FALSE
	EndGlobalSection
	GlobalSection(ExtensibilityGlobals) = postSolution
		SolutionGuid = {31C03E3D-42E6-41FC-BA6D-9CBE38D9D8FA}
	EndGlobalSection
EndGlobal
